
Microsoft Visual Studio Solution File, Format Version 12.00
# Visual Studio Version 17
VisualStudioVersion = 17.7.34003.232
MinimumVisualStudioVersion = 10.0.40219.1
Project("{FAE04EC0-301F-11D3-BF4B-00C04F79EFBC}") = "classe quadrato 1", "classe quadrato 1\classe quadrato 1.csproj", "{60F95D2C-E184-4835-BC69-58CDF278CAB9}"
EndProject
Global
	GlobalSection(SolutionConfigurationPlatforms) = preSolution
		Debug|Any CPU = Debug|Any CPU
		Release|Any CPU = Release|Any CPU
	EndGlobalSection
	GlobalSection(ProjectConfigurationPlatforms) = postSolution
		{60F95D2C-E184-4835-BC69-58CDF278CAB9}.Debug|Any CPU.ActiveCfg = Debug|Any CPU
		{60F95D2C-E184-4835-BC69-58CDF278CAB9}.Debug|Any CPU.Build.0 = Debug|Any CPU
		{60F95D2C-E184-4835-BC69-58CDF278CAB9}.Release|Any CPU.ActiveCfg = Release|Any CPU
		{60F95D2C-E184-4835-BC69-58CDF278CAB9}.Release|Any CPU.Build.0 = Release|Any CPU
	EndGlobalSection
	GlobalSection(SolutionProperties) = preSolution
		HideSolutionNode = FALSE
	EndGlobalSection
	GlobalSection(ExtensibilityGlobals) = postSolution
		SolutionGuid = {8AA39CB4-3658-4889-AF9B-4C4ED095F5BD}
	EndGlobalSection
EndGlobal
